// !$*UTF8*$!
{
	archiveVersion = 1;
	classes = {
	};
	objectVersion = 50;
	objects = {

/* Begin PBXBuildFile section */
		5C437ABA21456CE700F4AA2F /* AppDelegate.swift in Sources */ = {isa = PBXBuildFile; fileRef = 5C437AB921456CE700F4AA2F /* AppDelegate.swift */; };
		5C437ABC21456CE700F4AA2F /* ViewController.swift in Sources */ = {isa = PBXBuildFile; fileRef = 5C437ABB21456CE700F4AA2F /* ViewController.swift */; };
		5C437ABF21456CE700F4AA2F /* Main.storyboard in Resources */ = {isa = PBXBuildFile; fileRef = 5C437ABD21456CE700F4AA2F /* Main.storyboard */; };
		5C437AC121456CE800F4AA2F /* Assets.xcassets in Resources */ = {isa = PBXBuildFile; fileRef = 5C437AC021456CE800F4AA2F /* Assets.xcassets */; };
		5C437AC421456CE800F4AA2F /* LaunchScreen.storyboard in Resources */ = {isa = PBXBuildFile; fileRef = 5C437AC221456CE800F4AA2F /* LaunchScreen.storyboard */; };
		5C437ACE21456D2200F4AA2F /* PinCodeViewController.swift in Sources */ = {isa = PBXBuildFile; fileRef = 5C437ACC21456D2200F4AA2F /* PinCodeViewController.swift */; };
		5C437ACF21456D2200F4AA2F /* PinCodeViewController.xib in Resources */ = {isa = PBXBuildFile; fileRef = 5C437ACD21456D2200F4AA2F /* PinCodeViewController.xib */; };
/* End PBXBuildFile section */

/* Begin PBXFileReference section */
		5C437AB621456CE700F4AA2F /* PinCodeDemo.app */ = {isa = PBXFileReference; explicitFileType = wrapper.application; includeInIndex = 0; path = PinCodeDemo.app; sourceTree = BUILT_PRODUCTS_DIR; };
		5C437AB921456CE700F4AA2F /* AppDelegate.swift */ = {isa = PBXFileReference; lastKnownFileType = sourcecode.swift; path = AppDelegate.swift; sourceTree = "<group>"; };
		5C437ABB21456CE700F4AA2F /* ViewController.swift */ = {isa = PBXFileReference; lastKnownFileType = sourcecode.swift; path = ViewController.swift; sourceTree = "<group>"; };
		5C437ABE21456CE700F4AA2F /* Base */ = {isa = PBXFileReference; lastKnownFileType = file.storyboard; name = Base; path = Base.lproj/Main.storyboard; sourceTree = "<group>"; };
		5C437AC021456CE800F4AA2F /* Assets.xcassets */ = {isa = PBXFileReference; lastKnownFileType = folder.assetcatalog; path = Assets.xcassets; sourceTree = "<group>"; };
		5C437AC321456CE800F4AA2F /* Base */ = {isa = PBXFileReference; lastKnownFileType = file.storyboard; name = Base; path = Base.lproj/LaunchScreen.storyboard; sourceTree = "<group>"; };
		5C437AC521456CE900F4AA2F /* Info.plist */ = {isa = PBXFileReference; lastKnownFileType = text.plist.xml; path = Info.plist; sourceTree = "<group>"; };
		5C437ACC21456D2200F4AA2F /* PinCodeViewController.swift */ = {isa = PBXFileReference; lastKnownFileType = sourcecode.swift; path = PinCodeViewController.swift; sourceTree = "<group>"; };
		5C437ACD21456D2200F4AA2F /* PinCodeViewController.xib */ = {isa = PBXFileReference; lastKnownFileType = file.xib; path = PinCodeViewController.xib; sourceTree = "<group>"; };
/* End PBXFileReference section */

/* Begin PBXFrameworksBuildPhase section */
		5C437AB321456CE700F4AA2F /* Frameworks */ = {
			isa = PBXFrameworksBuildPhase;
			buildActionMask = 2147483647;
			files = (
			);
			runOnlyForDeploymentPostprocessing = 0;
		};
/* End PBXFrameworksBuildPhase section */

/* Begin PBXGroup section */
		5C437AAD21456CE700F4AA2F = {
			isa = PBXGroup;
			children = (
				5C437AB821456CE700F4AA2F /* PinCodeDemo */,
				5C437AB721456CE700F4AA2F /* Products */,
			);
			sourceTree = "<group>";
		};
		5C437AB721456CE700F4AA2F /* Products */ = {
			isa = PBXGroup;
			children = (
				5C437AB621456CE700F4AA2F /* PinCodeDemo.app */,
			);
			name = Products;
			sourceTree = "<group>";
		};
		5C437AB821456CE700F4AA2F /* PinCodeDemo */ = {
			isa = PBXGroup;
			children = (
				5C437AB921456CE700F4AA2F /* AppDelegate.swift */,
				5C437ACB21456D0600F4AA2F /* PinCodeViewController */,
				5C437ABB21456CE700F4AA2F /* ViewController.swift */,
				5C437ABD21456CE700F4AA2F /* Main.storyboard */,
				5C437AC021456CE800F4AA2F /* Assets.xcassets */,
				5C437AC221456CE800F4AA2F /* LaunchScreen.storyboard */,
				5C437AC521456CE900F4AA2F /* Info.plist */,
			);
			path = PinCodeDemo;
			sourceTree = "<group>";
		};
		5C437ACB21456D0600F4AA2F /* PinCodeViewController */ = {
			isa = PBXGroup;
			children = (
				5C437ACC21456D2200F4AA2F /* PinCodeViewController.swift */,
				5C437ACD21456D2200F4AA2F /* PinCodeViewController.xib */,
			);
			path = PinCodeViewController;
			sourceTree = "<group>";
		};
/* End PBXGroup section */

/* Begin PBXNativeTarget section */
		5C437AB521456CE700F4AA2F /* PinCodeDemo */ = {
			isa = PBXNativeTarget;
			buildConfigurationList = 5C437AC821456CE900F4AA2F /* Build configuration list for PBXNativeTarget "PinCodeDemo" */;
			buildPhases = (
				5C437AB221456CE700F4AA2F /* Sources */,
				5C437AB321456CE700F4AA2F /* Frameworks */,
				5C437AB421456CE700F4AA2F /* Resources */,
			);
			buildRules = (
			);
			dependencies = (
			);
			name = PinCodeDemo;
			productName = PinCodeDemo;
			productReference = 5C437AB621456CE700F4AA2F /* PinCodeDemo.app */;
			productType = "com.apple.product-type.application";
		};
/* End PBXNativeTarget section */

/* Begin PBXProject section */
		5C437AAE21456CE700F4AA2F /* Project object */ = {
			isa = PBXProject;
			attributes = {
				LastSwiftUpdateCheck = 0940;
				LastUpgradeCheck = 0940;
				ORGANIZATIONNAME = Mark;
				TargetAttributes = {
					5C437AB521456CE700F4AA2F = {
						CreatedOnToolsVersion = 9.4.1;
					};
				};
			};
			buildConfigurationList = 5C437AB121456CE700F4AA2F /* Build configuration list for PBXProject "PinCodeDemo" */;
			compatibilityVersion = "Xcode 9.3";
			developmentRegion = en;
			hasScannedForEncodings = 0;
			knownRegions = (
				en,
				Base,
			);
			mainGroup = 5C437AAD21456CE700F4AA2F;
			productRefGroup = 5C437AB721456CE700F4AA2F /* Products */;
			projectDirPath = "";
			projectRoot = "";
			targets = (
				5C437AB521456CE700F4AA2F /* PinCodeDemo */,
			);
		};
/* End PBXProject section */

/* Begin PBXResourcesBuildPhase section */
		5C437AB421456CE700F4AA2F /* Resources */ = {
			isa = PBXResourcesBuildPhase;
			buildActionMask = 2147483647;
			files = (
				5C437AC421456CE800F4AA2F /* LaunchScreen.storyboard in Resources */,
				5C437AC121456CE800F4AA2F /* Assets.xcassets in Resources */,
				5C437ABF21456CE700F4AA2F /* Main.storyboard in Resources */,
				5C437ACF21456D2200F4AA2F /* PinCodeViewController.xib in Resources */,
			);
			runOnlyForDeploymentPostprocessing = 0;
		};
/* End PBXResourcesBuildPhase section */

/* Begin PBXSourcesBuildPhase section */
		5C437AB221456CE700F4AA2F /* Sources */ = {
			isa = PBXSourcesBuildPhase;
			buildActionMask = 2147483647;
			files = (
				5C437ACE21456D2200F4AA2F /* PinCodeViewController.swift in Sources */,
				5C437ABC21456CE700F4AA2F /* ViewController.swift in Sources */,
				5C437ABA21456CE700F4AA2F /* AppDelegate.swift in Sources */,
			);
			runOnlyForDeploymentPostprocessing = 0;
		};
/* End PBXSourcesBuildPhase section */

/* Begin PBXVariantGroup section */
		5C437ABD21456CE700F4AA2F /* Main.storyboard */ = {
			isa = PBXVariantGroup;
			children = (
				5C437ABE21456CE700F4AA2F /* Base */,
			);
			name = Main.storyboard;
			sourceTree = "<group>";
		};
		5C437AC221456CE800F4AA2F /* LaunchScreen.storyboard */ = {
			isa = PBXVariantGroup;
			children = (
				5C437AC321456CE800F4AA2F /* Base */,
			);
			name = LaunchScreen.storyboard;
			sourceTree = "<group>";
		};
/* End PBXVariantGroup section */

/* Begin XCBuildConfiguration section */
		5C437AC621456CE900F4AA2F /* Debug */ = {
			isa = XCBuildConfiguration;
			buildSettings = {
				ALWAYS_SEARCH_USER_PATHS = NO;
				CLANG_ANALYZER_NONNULL = YES;
				CLANG_ANALYZER_NUMBER_OBJECT_CONVERSION = YES_AGGRESSIVE;
				CLANG_CXX_LANGUAGE_STANDARD = "gnu++14";
				CLANG_CXX_LIBRARY = "libc++";
				CLANG_ENABLE_MODULES = YES;
				CLANG_ENABLE_OBJC_ARC = YES;
				CLANG_ENABLE_OBJC_WEAK = YES;
				CLANG_WARN_BLOCK_CAPTURE_AUTORELEASING = YES;
				CLANG_WARN_BOOL_CONVERSION = YES;
				CLANG_WARN_COMMA = YES;
				CLANG_WARN_CONSTANT_CONVERSION = YES;
				CLANG_WARN_DEPRECATED_OBJC_IMPLEMENTATIONS = YES;
				CLANG_WARN_DIRECT_OBJC_ISA_USAGE = YES_ERROR;
				CLANG_WARN_DOCUMENTATION_COMMENTS = YES;
				CLANG_WARN_EMPTY_BODY = YES;
				CLANG_WARN_ENUM_CONVERSION = YES;
				CLANG_WARN_INFINITE_RECURSION = YES;
				CLANG_WARN_INT_CONVERSION = YES;
				CLANG_WARN_NON_LITERAL_NULL_CONVERSION = YES;
				CLANG_WARN_OBJC_IMPLICIT_RETAIN_SELF = YES;
				CLANG_WARN_OBJC_LITERAL_CONVERSION = YES;
				CLANG_WARN_OBJC_ROOT_CLASS = YES_ERROR;
				CLANG_WARN_RANGE_LOOP_ANALYSIS = YES;
				CLANG_WARN_STRICT_PROTOTYPES = YES;
				CLANG_WARN_SUSPICIOUS_MOVE = YES;
				CLANG_WARN_UNGUARDED_AVAILABILITY = YES_AGGRESSIVE;
				CLANG_WARN_UNREACHABLE_CODE = YES;
				CLANG_WARN__DUPLICATE_METHOD_MATCH = YES;
				CODE_SIGN_IDENTITY = "iPhone Developer";
				COPY_PHASE_STRIP = NO;
				DEBUG_INFORMATION_FORMAT = dwarf;
				ENABLE_STRICT_OBJC_MSGSEND = YES;
				ENABLE_TESTABILITY = YES;
				GCC_C_LANGUAGE_STANDARD = gnu11;
				GCC_DYNAMIC_NO_PIC = NO;
				GCC_NO_COMMON_BLOCKS = YES;
				GCC_OPTIMIZATION_LEVEL = 0;
				GCC_PREPROCESSOR_DEFINITIONS = (
					"DEBUG=1",
					"$(inherited)",
				);
				GCC_WARN_64_TO_32_BIT_CONVERSION = YES;
				GCC_WARN_ABOUT_RETURN_TYPE = YES_ERROR;
				GCC_WARN_UNDECLARED_SELECTOR = YES;
				GCC_WARN_UNINITIALIZED_AUTOS = YES_AGGRESSIVE;
				GCC_WARN_UNUSED_FUNCTION = YES;
				GCC_WARN_UNUSED_VARIABLE = YES;
				IPHONEOS_DEPLOYMENT_TARGET = 11.4;
				MTL_ENABLE_DEBUG_INFO = YES;
				ONLY_ACTIVE_ARCH = YES;
				SDKROOT = iphoneos;
				SWIFT_ACTIVE_COMPILATION_CONDITIONS = DEBUG;
				SWIFT_OPTIMIZATION_LEVEL = "-Onone";
			};
			name = Debug;
		};
		5C437AC721456CE900F4AA2F /* Release */ = {
			isa = XCBuildConfiguration;
			buildSettings = {
				ALWAYS_SEARCH_USER_PATHS = NO;
				CLANG_ANALYZER_NONNULL = YES;
				CLANG_ANALYZER_NUMBER_OBJECT_CONVERSION = YES_AGGRESSIVE;
				CLANG_CXX_LANGUAGE_STANDARD = "gnu++14";
				CLANG_CXX_LIBRARY = "libc++";
				CLANG_ENABLE_MODULES = YES;
				CLANG_ENABLE_OBJC_ARC = YES;
				CLANG_ENABLE_OBJC_WEAK = YES;
				CLANG_WARN_BLOCK_CAPTURE_AUTORELEASING = YES;
				CLANG_WARN_BOOL_CONVERSION = YES;
				CLANG_WARN_COMMA = YES;
				CLANG_WARN_CONSTANT_CONVERSION = YES;
				CLANG_WARN_DEPRECATED_OBJC_IMPLEMENTATIONS = YES;
				CLANG_WARN_DIRECT_OBJC_ISA_USAGE = YES_ERROR;
				CLANG_WARN_DOCUMENTATION_COMMENTS = YES;
				CLANG_WARN_EMPTY_BODY = YES;
				CLANG_WARN_ENUM_CONVERSION = YES;
				CLANG_WARN_INFINITE_RECURSION = YES;
				CLANG_WARN_INT_CONVERSION = YES;
				CLANG_WARN_NON_LITERAL_NULL_CONVERSION = YES;
				CLANG_WARN_OBJC_IMPLICIT_RETAIN_SELF = YES;
				CLANG_WARN_OBJC_LITERAL_CONVERSION = YES;
				CLANG_WARN_OBJC_ROOT_CLASS = YES_ERROR;
				CLANG_WARN_RANGE_LOOP_ANALYSIS = YES;
				CLANG_WARN_STRICT_PROTOTYPES = YES;
				CLANG_WARN_SUSPICIOUS_MOVE = YES;
				CLANG_WARN_UNGUARDED_AVAILABILITY = YES_AGGRESSIVE;
				CLANG_WARN_UNREACHABLE_CODE = YES;
				CLANG_WARN__DUPLICATE_METHOD_MATCH = YES;
				CODE_SIGN_IDENTITY = "iPhone Developer";
				COPY_PHASE_STRIP = NO;
				DEBUG_INFORMATION_FORMAT = "dwarf-with-dsym";
				ENABLE_NS_ASSERTIONS = NO;
				ENABLE_STRICT_OBJC_MSGSEND = YES;
				GCC_C_LANGUAGE_STANDARD = gnu11;
				GCC_NO_COMMON_BLOCKS = YES;
				GCC_WARN_64_TO_32_BIT_CONVERSION = YES;
				GCC_WARN_ABOUT_RETURN_TYPE = YES_ERROR;
				GCC_WARN_UNDECLARED_SELECTOR = YES;
				GCC_WARN_UNINITIALIZED_AUTOS = YES_AGGRESSIVE;
				GCC_WARN_UNUSED_FUNCTION = YES;
				GCC_WARN_UNUSED_VARIABLE = YES;
				IPHONEOS_DEPLOYMENT_TARGET = 11.4;
				MTL_ENABLE_DEBUG_INFO = NO;
				SDKROOT = iphoneos;
				SWIFT_COMPILATION_MODE = wholemodule;
				SWIFT_OPTIMIZATION_LEVEL = "-O";
				VALIDATE_PRODUCT = YES;
			};
			name = Release;
		};
		5C437AC921456CE900F4AA2F /* Debug */ = {
			isa = XCBuildConfiguration;
			buildSettings = {
				ASSETCATALOG_COMPILER_APPICON_NAME = AppIcon;
				CODE_SIGN_STYLE = Automatic;
				DEVELOPMENT_TEAM = PGXASBAT5S;
				INFOPLIST_FILE = PinCodeDemo/Info.plist;
				LD_RUNPATH_SEARCH_PATHS = (
					"$(inherited)",
					"@executable_path/Frameworks",
				);
				PRODUCT_BUNDLE_IDENTIFIER = com.orgname.PinCodeDemo;
				PRODUCT_NAME = "$(TARGET_NAME)";
				SWIFT_VERSION = 4.0;
				TARGETED_DEVICE_FAMILY = "1,2";
			};
			name = Debug;
		};
		5C437ACA21456CE900F4AA2F /* Release */ = {
			isa = XCBuildConfiguration;
			buildSettings = {
				ASSETCATALOG_COMPILER_APPICON_NAME = AppIcon;
				CODE_SIGN_STYLE = Automatic;
				DEVELOPMENT_TEAM = PGXASBAT5S;
				INFOPLIST_FILE = PinCodeDemo/Info.plist;
				LD_RUNPATH_SEARCH_PATHS = (
					"$(inherited)",
					"@executable_path/Frameworks",
				);
				PRODUCT_BUNDLE_IDENTIFIER = com.orgname.PinCodeDemo;
				PRODUCT_NAME = "$(TARGET_NAME)";
				SWIFT_VERSION = 4.0;
				TARGETED_DEVICE_FAMILY = "1,2";
			};
			name = Release;
		};
/* End XCBuildConfiguration section */

/* Begin XCConfigurationList section */
		5C437AB121456CE700F4AA2F /* Build configuration list for PBXProject "PinCodeDemo" */ = {
			isa = XCConfigurationList;
			buildConfigurations = (
				5C437AC621456CE900F4AA2F /* Debug */,
				5C437AC721456CE900F4AA2F /* Release */,
			);
			defaultConfigurationIsVisible = 0;
			defaultConfigurationName = Release;
		};
		5C437AC821456CE900F4AA2F /* Build configuration list for PBXNativeTarget "PinCodeDemo" */ = {
			isa = XCConfigurationList;
			buildConfigurations = (
				5C437AC921456CE900F4AA2F /* Debug */,
				5C437ACA21456CE900F4AA2F /* Release */,
			);
			defaultConfigurationIsVisible = 0;
			defaultConfigurationName = Release;
		};
/* End XCConfigurationList section */
	};
	rootObject = 5C437AAE21456CE700F4AA2F /* Project object */;
}
